
Microsoft Visual Studio Solution File, Format Version 12.00
# Visual Studio Version 17
VisualStudioVersion = 17.5.002.0
MinimumVisualStudioVersion = 10.0.40219.1
Project("{FAE04EC0-301F-11D3-BF4B-00C04F79EFBC}") = "001_Hello World", "001_Hello World\001_Hello World.csproj", "{BE44845E-7B0C-4E94-8DF4-7FC31455A9D0}"
EndProject
Project("{FAE04EC0-301F-11D3-BF4B-00C04F79EFBC}") = "002_Ask input name and print", "002_Ask input name and print\002_Ask input name and print.csproj", "{BB099D18-8663-402A-B998-66B4E45BBF89}"
EndProject
Project("{FAE04EC0-301F-11D3-BF4B-00C04F79EFBC}") = "003_sum of two numbers in input", "003_sum of two numbers in input\003_sum of two numbers in input.csproj", "{86285495-30BA-49BF-8D2C-30594A299B2A}"
EndProject
Project("{FAE04EC0-301F-11D3-BF4B-00C04F79EFBC}") = "004_Take a string input and display it reverse", "004_Take a string input and display it reverse\004_Take a string input and display it reverse.csproj", "{5D99C9EF-941E-45EE-B83E-929FB93D3066}"
EndProject
Project("{FAE04EC0-301F-11D3-BF4B-00C04F79EFBC}") = "005_Reading from a file", "005_Reading from a file\005_Reading from a file.csproj", "{C32E82A5-A080-4446-A69B-CBACB83A1C51}"
EndProject
Project("{FAE04EC0-301F-11D3-BF4B-00C04F79EFBC}") = "006_Animal sound_Inheritance", "006_Animal sound_Inheritance\006_Animal sound_Inheritance.csproj", "{B81582D1-716F-48E1-8BDF-A0FC8EC484A0}"
EndProject
Project("{FAE04EC0-301F-11D3-BF4B-00C04F79EFBC}") = "007_Access denied", "007_Access denied\007_Access denied.csproj", "{09E1C580-0165-4FF8-95AD-56D39507F603}"
EndProject
Project("{FAE04EC0-301F-11D3-BF4B-00C04F79EFBC}") = "008_Check palindrome word or sentence", "008_Check palindrome word or sentence\008_Check palindrome word or sentence.csproj", "{C9302CA1-8038-4A42-9DA5-386A225BD1D5}"
EndProject
Project("{FAE04EC0-301F-11D3-BF4B-00C04F79EFBC}") = "009_Celsius to Fahrenheit conversion", "009_Celsius to Fahrenheit conversion\009_Celsius to Fahrenheit conversion.csproj", "{0C112F18-2FA6-4D2B-ACB1-A53C7318E7F0}"
EndProject
Project("{FAE04EC0-301F-11D3-BF4B-00C04F79EFBC}") = "010_Celsius to Fahrenheit or Fahrenheit to Celsius conversion", "010_Celsius to Fahrenheit or Fahrenheit to Celsius conversion\010_Celsius to Fahrenheit or Fahrenheit to Celsius conversion.csproj", "{85EF3D80-BC13-4B1F-A0D8-8D95A83007C9}"
EndProject
Project("{FAE04EC0-301F-11D3-BF4B-00C04F79EFBC}") = "011_Making a List, checking it twice", "011_Making a List, checking it twice\011_Making a List, checking it twice.csproj", "{B7C61C47-5A60-43D0-BC38-9582AF1670D8}"
EndProject
Project("{FAE04EC0-301F-11D3-BF4B-00C04F79EFBC}") = "012_Pick 'n Mix", "012_Pick 'n Mix\012_Pick 'n Mix.csproj", "{F739FB01-8EFF-4B6D-8DD5-AA490D6451E5}"
EndProject
Project("{FAE04EC0-301F-11D3-BF4B-00C04F79EFBC}") = "013_Queueing items", "013_Queueing items\013_Queueing items.csproj", "{C4873CC8-758C-4057-90EB-1F143D014A48}"
EndProject
Project("{FAE04EC0-301F-11D3-BF4B-00C04F79EFBC}") = "014_ Stacking items", "014_ Stacking items\014_ Stacking items.csproj", "{4000103D-011A-4B99-9289-5504B9CBDBFC}"
EndProject
Project("{FAE04EC0-301F-11D3-BF4B-00C04F79EFBC}") = "015_Taking the train", "015_Taking the train\015_Taking the train.csproj", "{5FFC5635-5C91-4D70-8E3C-91365EC163AF}"
EndProject
Project("{FAE04EC0-301F-11D3-BF4B-00C04F79EFBC}") = "016_Counting with a Dictionary", "016_Counting with a Dictionary\016_Counting with a Dictionary.csproj", "{DAE33BD1-4760-4190-9E7D-FD670054724D}"
EndProject
Project("{FAE04EC0-301F-11D3-BF4B-00C04F79EFBC}") = "017_Explore the HashSet", "017_Explore the HashSet\017_Explore the HashSet.csproj", "{0F846B73-2641-4365-A932-E7471864B0DA}"
EndProject
Project("{FAE04EC0-301F-11D3-BF4B-00C04F79EFBC}") = "018_Min and Max", "018_Min and Max\018_Min and Max.csproj", "{D5B65F74-CE98-46C7-9304-5D4C54BB5D6C}"
EndProject
Project("{FAE04EC0-301F-11D3-BF4B-00C04F79EFBC}") = "019_Grading the students", "019_Grading the students\019_Grading the students.csproj", "{10A24214-D0E3-4F9F-9548-E90C560690A1}"
EndProject
Project("{FAE04EC0-301F-11D3-BF4B-00C04F79EFBC}") = "020_Sharing victory", "020_Sharing victory\020_Sharing victory.csproj", "{D9E53835-07A6-4B79-943B-0210710CF677}"
EndProject
Project("{FAE04EC0-301F-11D3-BF4B-00C04F79EFBC}") = "021_Query a list of integers", "020_Query a list of integers\021_Query a list of integers.csproj", "{6D1F9839-51ED-4231-9924-AD07B5D55D2B}"
EndProject
Global
	GlobalSection(SolutionConfigurationPlatforms) = preSolution
		Debug|Any CPU = Debug|Any CPU
		Debug|x64 = Debug|x64
		Debug|x86 = Debug|x86
		Release|Any CPU = Release|Any CPU
		Release|x64 = Release|x64
		Release|x86 = Release|x86
	EndGlobalSection
	GlobalSection(ProjectConfigurationPlatforms) = postSolution
		{BE44845E-7B0C-4E94-8DF4-7FC31455A9D0}.Debug|Any CPU.ActiveCfg = Debug|Any CPU
		{BE44845E-7B0C-4E94-8DF4-7FC31455A9D0}.Debug|Any CPU.Build.0 = Debug|Any CPU
		{BE44845E-7B0C-4E94-8DF4-7FC31455A9D0}.Debug|x64.ActiveCfg = Debug|Any CPU
		{BE44845E-7B0C-4E94-8DF4-7FC31455A9D0}.Debug|x64.Build.0 = Debug|Any CPU
		{BE44845E-7B0C-4E94-8DF4-7FC31455A9D0}.Debug|x86.ActiveCfg = Debug|Any CPU
		{BE44845E-7B0C-4E94-8DF4-7FC31455A9D0}.Debug|x86.Build.0 = Debug|Any CPU
		{BE44845E-7B0C-4E94-8DF4-7FC31455A9D0}.Release|Any CPU.ActiveCfg = Release|Any CPU
		{BE44845E-7B0C-4E94-8DF4-7FC31455A9D0}.Release|Any CPU.Build.0 = Release|Any CPU
		{BE44845E-7B0C-4E94-8DF4-7FC31455A9D0}.Release|x64.ActiveCfg = Release|Any CPU
		{BE44845E-7B0C-4E94-8DF4-7FC31455A9D0}.Release|x64.Build.0 = Release|Any CPU
		{BE44845E-7B0C-4E94-8DF4-7FC31455A9D0}.Release|x86.ActiveCfg = Release|Any CPU
		{BE44845E-7B0C-4E94-8DF4-7FC31455A9D0}.Release|x86.Build.0 = Release|Any CPU
		{BB099D18-8663-402A-B998-66B4E45BBF89}.Debug|Any CPU.ActiveCfg = Debug|Any CPU
		{BB099D18-8663-402A-B998-66B4E45BBF89}.Debug|Any CPU.Build.0 = Debug|Any CPU
		{BB099D18-8663-402A-B998-66B4E45BBF89}.Debug|x64.ActiveCfg = Debug|Any CPU
		{BB099D18-8663-402A-B998-66B4E45BBF89}.Debug|x64.Build.0 = Debug|Any CPU
		{BB099D18-8663-402A-B998-66B4E45BBF89}.Debug|x86.ActiveCfg = Debug|Any CPU
		{BB099D18-8663-402A-B998-66B4E45BBF89}.Debug|x86.Build.0 = Debug|Any CPU
		{BB099D18-8663-402A-B998-66B4E45BBF89}.Release|Any CPU.ActiveCfg = Release|Any CPU
		{BB099D18-8663-402A-B998-66B4E45BBF89}.Release|Any CPU.Build.0 = Release|Any CPU
		{BB099D18-8663-402A-B998-66B4E45BBF89}.Release|x64.ActiveCfg = Release|Any CPU
		{BB099D18-8663-402A-B998-66B4E45BBF89}.Release|x64.Build.0 = Release|Any CPU
		{BB099D18-8663-402A-B998-66B4E45BBF89}.Release|x86.ActiveCfg = Release|Any CPU
		{BB099D18-8663-402A-B998-66B4E45BBF89}.Release|x86.Build.0 = Release|Any CPU
		{86285495-30BA-49BF-8D2C-30594A299B2A}.Debug|Any CPU.ActiveCfg = Debug|Any CPU
		{86285495-30BA-49BF-8D2C-30594A299B2A}.Debug|Any CPU.Build.0 = Debug|Any CPU
		{86285495-30BA-49BF-8D2C-30594A299B2A}.Debug|x64.ActiveCfg = Debug|Any CPU
		{86285495-30BA-49BF-8D2C-30594A299B2A}.Debug|x64.Build.0 = Debug|Any CPU
		{86285495-30BA-49BF-8D2C-30594A299B2A}.Debug|x86.ActiveCfg = Debug|Any CPU
		{86285495-30BA-49BF-8D2C-30594A299B2A}.Debug|x86.Build.0 = Debug|Any CPU
		{86285495-30BA-49BF-8D2C-30594A299B2A}.Release|Any CPU.ActiveCfg = Release|Any CPU
		{86285495-30BA-49BF-8D2C-30594A299B2A}.Release|Any CPU.Build.0 = Release|Any CPU
		{86285495-30BA-49BF-8D2C-30594A299B2A}.Release|x64.ActiveCfg = Release|Any CPU
		{86285495-30BA-49BF-8D2C-30594A299B2A}.Release|x64.Build.0 = Release|Any CPU
		{86285495-30BA-49BF-8D2C-30594A299B2A}.Release|x86.ActiveCfg = Release|Any CPU
		{86285495-30BA-49BF-8D2C-30594A299B2A}.Release|x86.Build.0 = Release|Any CPU
		{5D99C9EF-941E-45EE-B83E-929FB93D3066}.Debug|Any CPU.ActiveCfg = Debug|Any CPU
		{5D99C9EF-941E-45EE-B83E-929FB93D3066}.Debug|Any CPU.Build.0 = Debug|Any CPU
		{5D99C9EF-941E-45EE-B83E-929FB93D3066}.Debug|x64.ActiveCfg = Debug|Any CPU
		{5D99C9EF-941E-45EE-B83E-929FB93D3066}.Debug|x64.Build.0 = Debug|Any CPU
		{5D99C9EF-941E-45EE-B83E-929FB93D3066}.Debug|x86.ActiveCfg = Debug|Any CPU
		{5D99C9EF-941E-45EE-B83E-929FB93D3066}.Debug|x86.Build.0 = Debug|Any CPU
		{5D99C9EF-941E-45EE-B83E-929FB93D3066}.Release|Any CPU.ActiveCfg = Release|Any CPU
		{5D99C9EF-941E-45EE-B83E-929FB93D3066}.Release|Any CPU.Build.0 = Release|Any CPU
		{5D99C9EF-941E-45EE-B83E-929FB93D3066}.Release|x64.ActiveCfg = Release|Any CPU
		{5D99C9EF-941E-45EE-B83E-929FB93D3066}.Release|x64.Build.0 = Release|Any CPU
		{5D99C9EF-941E-45EE-B83E-929FB93D3066}.Release|x86.ActiveCfg = Release|Any CPU
		{5D99C9EF-941E-45EE-B83E-929FB93D3066}.Release|x86.Build.0 = Release|Any CPU
		{C32E82A5-A080-4446-A69B-CBACB83A1C51}.Debug|Any CPU.ActiveCfg = Debug|Any CPU
		{C32E82A5-A080-4446-A69B-CBACB83A1C51}.Debug|Any CPU.Build.0 = Debug|Any CPU
		{C32E82A5-A080-4446-A69B-CBACB83A1C51}.Debug|x64.ActiveCfg = Debug|Any CPU
		{C32E82A5-A080-4446-A69B-CBACB83A1C51}.Debug|x64.Build.0 = Debug|Any CPU
		{C32E82A5-A080-4446-A69B-CBACB83A1C51}.Debug|x86.ActiveCfg = Debug|Any CPU
		{C32E82A5-A080-4446-A69B-CBACB83A1C51}.Debug|x86.Build.0 = Debug|Any CPU
		{C32E82A5-A080-4446-A69B-CBACB83A1C51}.Release|Any CPU.ActiveCfg = Release|Any CPU
		{C32E82A5-A080-4446-A69B-CBACB83A1C51}.Release|Any CPU.Build.0 = Release|Any CPU
		{C32E82A5-A080-4446-A69B-CBACB83A1C51}.Release|x64.ActiveCfg = Release|Any CPU
		{C32E82A5-A080-4446-A69B-CBACB83A1C51}.Release|x64.Build.0 = Release|Any CPU
		{C32E82A5-A080-4446-A69B-CBACB83A1C51}.Release|x86.ActiveCfg = Release|Any CPU
		{C32E82A5-A080-4446-A69B-CBACB83A1C51}.Release|x86.Build.0 = Release|Any CPU
		{B81582D1-716F-48E1-8BDF-A0FC8EC484A0}.Debug|Any CPU.ActiveCfg = Debug|Any CPU
		{B81582D1-716F-48E1-8BDF-A0FC8EC484A0}.Debug|Any CPU.Build.0 = Debug|Any CPU
		{B81582D1-716F-48E1-8BDF-A0FC8EC484A0}.Debug|x64.ActiveCfg = Debug|Any CPU
		{B81582D1-716F-48E1-8BDF-A0FC8EC484A0}.Debug|x64.Build.0 = Debug|Any CPU
		{B81582D1-716F-48E1-8BDF-A0FC8EC484A0}.Debug|x86.ActiveCfg = Debug|Any CPU
		{B81582D1-716F-48E1-8BDF-A0FC8EC484A0}.Debug|x86.Build.0 = Debug|Any CPU
		{B81582D1-716F-48E1-8BDF-A0FC8EC484A0}.Release|Any CPU.ActiveCfg = Release|Any CPU
		{B81582D1-716F-48E1-8BDF-A0FC8EC484A0}.Release|Any CPU.Build.0 = Release|Any CPU
		{B81582D1-716F-48E1-8BDF-A0FC8EC484A0}.Release|x64.ActiveCfg = Release|Any CPU
		{B81582D1-716F-48E1-8BDF-A0FC8EC484A0}.Release|x64.Build.0 = Release|Any CPU
		{B81582D1-716F-48E1-8BDF-A0FC8EC484A0}.Release|x86.ActiveCfg = Release|Any CPU
		{B81582D1-716F-48E1-8BDF-A0FC8EC484A0}.Release|x86.Build.0 = Release|Any CPU
		{09E1C580-0165-4FF8-95AD-56D39507F603}.Debug|Any CPU.ActiveCfg = Debug|Any CPU
		{09E1C580-0165-4FF8-95AD-56D39507F603}.Debug|Any CPU.Build.0 = Debug|Any CPU
		{09E1C580-0165-4FF8-95AD-56D39507F603}.Debug|x64.ActiveCfg = Debug|Any CPU
		{09E1C580-0165-4FF8-95AD-56D39507F603}.Debug|x64.Build.0 = Debug|Any CPU
		{09E1C580-0165-4FF8-95AD-56D39507F603}.Debug|x86.ActiveCfg = Debug|Any CPU
		{09E1C580-0165-4FF8-95AD-56D39507F603}.Debug|x86.Build.0 = Debug|Any CPU
		{09E1C580-0165-4FF8-95AD-56D39507F603}.Release|Any CPU.ActiveCfg = Release|Any CPU
		{09E1C580-0165-4FF8-95AD-56D39507F603}.Release|Any CPU.Build.0 = Release|Any CPU
		{09E1C580-0165-4FF8-95AD-56D39507F603}.Release|x64.ActiveCfg = Release|Any CPU
		{09E1C580-0165-4FF8-95AD-56D39507F603}.Release|x64.Build.0 = Release|Any CPU
		{09E1C580-0165-4FF8-95AD-56D39507F603}.Release|x86.ActiveCfg = Release|Any CPU
		{09E1C580-0165-4FF8-95AD-56D39507F603}.Release|x86.Build.0 = Release|Any CPU
		{C9302CA1-8038-4A42-9DA5-386A225BD1D5}.Debug|Any CPU.ActiveCfg = Debug|Any CPU
		{C9302CA1-8038-4A42-9DA5-386A225BD1D5}.Debug|Any CPU.Build.0 = Debug|Any CPU
		{C9302CA1-8038-4A42-9DA5-386A225BD1D5}.Debug|x64.ActiveCfg = Debug|Any CPU
		{C9302CA1-8038-4A42-9DA5-386A225BD1D5}.Debug|x64.Build.0 = Debug|Any CPU
		{C9302CA1-8038-4A42-9DA5-386A225BD1D5}.Debug|x86.ActiveCfg = Debug|Any CPU
		{C9302CA1-8038-4A42-9DA5-386A225BD1D5}.Debug|x86.Build.0 = Debug|Any CPU
		{C9302CA1-8038-4A42-9DA5-386A225BD1D5}.Release|Any CPU.ActiveCfg = Release|Any CPU
		{C9302CA1-8038-4A42-9DA5-386A225BD1D5}.Release|Any CPU.Build.0 = Release|Any CPU
		{C9302CA1-8038-4A42-9DA5-386A225BD1D5}.Release|x64.ActiveCfg = Release|Any CPU
		{C9302CA1-8038-4A42-9DA5-386A225BD1D5}.Release|x64.Build.0 = Release|Any CPU
		{C9302CA1-8038-4A42-9DA5-386A225BD1D5}.Release|x86.ActiveCfg = Release|Any CPU
		{C9302CA1-8038-4A42-9DA5-386A225BD1D5}.Release|x86.Build.0 = Release|Any CPU
		{0C112F18-2FA6-4D2B-ACB1-A53C7318E7F0}.Debug|Any CPU.ActiveCfg = Debug|Any CPU
		{0C112F18-2FA6-4D2B-ACB1-A53C7318E7F0}.Debug|Any CPU.Build.0 = Debug|Any CPU
		{0C112F18-2FA6-4D2B-ACB1-A53C7318E7F0}.Debug|x64.ActiveCfg = Debug|Any CPU
		{0C112F18-2FA6-4D2B-ACB1-A53C7318E7F0}.Debug|x64.Build.0 = Debug|Any CPU
		{0C112F18-2FA6-4D2B-ACB1-A53C7318E7F0}.Debug|x86.ActiveCfg = Debug|Any CPU
		{0C112F18-2FA6-4D2B-ACB1-A53C7318E7F0}.Debug|x86.Build.0 = Debug|Any CPU
		{0C112F18-2FA6-4D2B-ACB1-A53C7318E7F0}.Release|Any CPU.ActiveCfg = Release|Any CPU
		{0C112F18-2FA6-4D2B-ACB1-A53C7318E7F0}.Release|Any CPU.Build.0 = Release|Any CPU
		{0C112F18-2FA6-4D2B-ACB1-A53C7318E7F0}.Release|x64.ActiveCfg = Release|Any CPU
		{0C112F18-2FA6-4D2B-ACB1-A53C7318E7F0}.Release|x64.Build.0 = Release|Any CPU
		{0C112F18-2FA6-4D2B-ACB1-A53C7318E7F0}.Release|x86.ActiveCfg = Release|Any CPU
		{0C112F18-2FA6-4D2B-ACB1-A53C7318E7F0}.Release|x86.Build.0 = Release|Any CPU
		{85EF3D80-BC13-4B1F-A0D8-8D95A83007C9}.Debug|Any CPU.ActiveCfg = Debug|Any CPU
		{85EF3D80-BC13-4B1F-A0D8-8D95A83007C9}.Debug|Any CPU.Build.0 = Debug|Any CPU
		{85EF3D80-BC13-4B1F-A0D8-8D95A83007C9}.Debug|x64.ActiveCfg = Debug|Any CPU
		{85EF3D80-BC13-4B1F-A0D8-8D95A83007C9}.Debug|x64.Build.0 = Debug|Any CPU
		{85EF3D80-BC13-4B1F-A0D8-8D95A83007C9}.Debug|x86.ActiveCfg = Debug|Any CPU
		{85EF3D80-BC13-4B1F-A0D8-8D95A83007C9}.Debug|x86.Build.0 = Debug|Any CPU
		{85EF3D80-BC13-4B1F-A0D8-8D95A83007C9}.Release|Any CPU.ActiveCfg = Release|Any CPU
		{85EF3D80-BC13-4B1F-A0D8-8D95A83007C9}.Release|Any CPU.Build.0 = Release|Any CPU
		{85EF3D80-BC13-4B1F-A0D8-8D95A83007C9}.Release|x64.ActiveCfg = Release|Any CPU
		{85EF3D80-BC13-4B1F-A0D8-8D95A83007C9}.Release|x64.Build.0 = Release|Any CPU
		{85EF3D80-BC13-4B1F-A0D8-8D95A83007C9}.Release|x86.ActiveCfg = Release|Any CPU
		{85EF3D80-BC13-4B1F-A0D8-8D95A83007C9}.Release|x86.Build.0 = Release|Any CPU
		{B7C61C47-5A60-43D0-BC38-9582AF1670D8}.Debug|Any CPU.ActiveCfg = Debug|Any CPU
		{B7C61C47-5A60-43D0-BC38-9582AF1670D8}.Debug|Any CPU.Build.0 = Debug|Any CPU
		{B7C61C47-5A60-43D0-BC38-9582AF1670D8}.Debug|x64.ActiveCfg = Debug|Any CPU
		{B7C61C47-5A60-43D0-BC38-9582AF1670D8}.Debug|x64.Build.0 = Debug|Any CPU
		{B7C61C47-5A60-43D0-BC38-9582AF1670D8}.Debug|x86.ActiveCfg = Debug|Any CPU
		{B7C61C47-5A60-43D0-BC38-9582AF1670D8}.Debug|x86.Build.0 = Debug|Any CPU
		{B7C61C47-5A60-43D0-BC38-9582AF1670D8}.Release|Any CPU.ActiveCfg = Release|Any CPU
		{B7C61C47-5A60-43D0-BC38-9582AF1670D8}.Release|Any CPU.Build.0 = Release|Any CPU
		{B7C61C47-5A60-43D0-BC38-9582AF1670D8}.Release|x64.ActiveCfg = Release|Any CPU
		{B7C61C47-5A60-43D0-BC38-9582AF1670D8}.Release|x64.Build.0 = Release|Any CPU
		{B7C61C47-5A60-43D0-BC38-9582AF1670D8}.Release|x86.ActiveCfg = Release|Any CPU
		{B7C61C47-5A60-43D0-BC38-9582AF1670D8}.Release|x86.Build.0 = Release|Any CPU
		{F739FB01-8EFF-4B6D-8DD5-AA490D6451E5}.Debug|Any CPU.ActiveCfg = Debug|Any CPU
		{F739FB01-8EFF-4B6D-8DD5-AA490D6451E5}.Debug|Any CPU.Build.0 = Debug|Any CPU
		{F739FB01-8EFF-4B6D-8DD5-AA490D6451E5}.Debug|x64.ActiveCfg = Debug|Any CPU
		{F739FB01-8EFF-4B6D-8DD5-AA490D6451E5}.Debug|x64.Build.0 = Debug|Any CPU
		{F739FB01-8EFF-4B6D-8DD5-AA490D6451E5}.Debug|x86.ActiveCfg = Debug|Any CPU
		{F739FB01-8EFF-4B6D-8DD5-AA490D6451E5}.Debug|x86.Build.0 = Debug|Any CPU
		{F739FB01-8EFF-4B6D-8DD5-AA490D6451E5}.Release|Any CPU.ActiveCfg = Release|Any CPU
		{F739FB01-8EFF-4B6D-8DD5-AA490D6451E5}.Release|Any CPU.Build.0 = Release|Any CPU
		{F739FB01-8EFF-4B6D-8DD5-AA490D6451E5}.Release|x64.ActiveCfg = Release|Any CPU
		{F739FB01-8EFF-4B6D-8DD5-AA490D6451E5}.Release|x64.Build.0 = Release|Any CPU
		{F739FB01-8EFF-4B6D-8DD5-AA490D6451E5}.Release|x86.ActiveCfg = Release|Any CPU
		{F739FB01-8EFF-4B6D-8DD5-AA490D6451E5}.Release|x86.Build.0 = Release|Any CPU
		{C4873CC8-758C-4057-90EB-1F143D014A48}.Debug|Any CPU.ActiveCfg = Debug|Any CPU
		{C4873CC8-758C-4057-90EB-1F143D014A48}.Debug|Any CPU.Build.0 = Debug|Any CPU
		{C4873CC8-758C-4057-90EB-1F143D014A48}.Debug|x64.ActiveCfg = Debug|Any CPU
		{C4873CC8-758C-4057-90EB-1F143D014A48}.Debug|x64.Build.0 = Debug|Any CPU
		{C4873CC8-758C-4057-90EB-1F143D014A48}.Debug|x86.ActiveCfg = Debug|Any CPU
		{C4873CC8-758C-4057-90EB-1F143D014A48}.Debug|x86.Build.0 = Debug|Any CPU
		{C4873CC8-758C-4057-90EB-1F143D014A48}.Release|Any CPU.ActiveCfg = Release|Any CPU
		{C4873CC8-758C-4057-90EB-1F143D014A48}.Release|Any CPU.Build.0 = Release|Any CPU
		{C4873CC8-758C-4057-90EB-1F143D014A48}.Release|x64.ActiveCfg = Release|Any CPU
		{C4873CC8-758C-4057-90EB-1F143D014A48}.Release|x64.Build.0 = Release|Any CPU
		{C4873CC8-758C-4057-90EB-1F143D014A48}.Release|x86.ActiveCfg = Release|Any CPU
		{C4873CC8-758C-4057-90EB-1F143D014A48}.Release|x86.Build.0 = Release|Any CPU
		{4000103D-011A-4B99-9289-5504B9CBDBFC}.Debug|Any CPU.ActiveCfg = Debug|Any CPU
		{4000103D-011A-4B99-9289-5504B9CBDBFC}.Debug|Any CPU.Build.0 = Debug|Any CPU
		{4000103D-011A-4B99-9289-5504B9CBDBFC}.Debug|x64.ActiveCfg = Debug|Any CPU
		{4000103D-011A-4B99-9289-5504B9CBDBFC}.Debug|x64.Build.0 = Debug|Any CPU
		{4000103D-011A-4B99-9289-5504B9CBDBFC}.Debug|x86.ActiveCfg = Debug|Any CPU
		{4000103D-011A-4B99-9289-5504B9CBDBFC}.Debug|x86.Build.0 = Debug|Any CPU
		{4000103D-011A-4B99-9289-5504B9CBDBFC}.Release|Any CPU.ActiveCfg = Release|Any CPU
		{4000103D-011A-4B99-9289-5504B9CBDBFC}.Release|Any CPU.Build.0 = Release|Any CPU
		{4000103D-011A-4B99-9289-5504B9CBDBFC}.Release|x64.ActiveCfg = Release|Any CPU
		{4000103D-011A-4B99-9289-5504B9CBDBFC}.Release|x64.Build.0 = Release|Any CPU
		{4000103D-011A-4B99-9289-5504B9CBDBFC}.Release|x86.ActiveCfg = Release|Any CPU
		{4000103D-011A-4B99-9289-5504B9CBDBFC}.Release|x86.Build.0 = Release|Any CPU
		{5FFC5635-5C91-4D70-8E3C-91365EC163AF}.Debug|Any CPU.ActiveCfg = Debug|Any CPU
		{5FFC5635-5C91-4D70-8E3C-91365EC163AF}.Debug|Any CPU.Build.0 = Debug|Any CPU
		{5FFC5635-5C91-4D70-8E3C-91365EC163AF}.Debug|x64.ActiveCfg = Debug|Any CPU
		{5FFC5635-5C91-4D70-8E3C-91365EC163AF}.Debug|x64.Build.0 = Debug|Any CPU
		{5FFC5635-5C91-4D70-8E3C-91365EC163AF}.Debug|x86.ActiveCfg = Debug|Any CPU
		{5FFC5635-5C91-4D70-8E3C-91365EC163AF}.Debug|x86.Build.0 = Debug|Any CPU
		{5FFC5635-5C91-4D70-8E3C-91365EC163AF}.Release|Any CPU.ActiveCfg = Release|Any CPU
		{5FFC5635-5C91-4D70-8E3C-91365EC163AF}.Release|Any CPU.Build.0 = Release|Any CPU
		{5FFC5635-5C91-4D70-8E3C-91365EC163AF}.Release|x64.ActiveCfg = Release|Any CPU
		{5FFC5635-5C91-4D70-8E3C-91365EC163AF}.Release|x64.Build.0 = Release|Any CPU
		{5FFC5635-5C91-4D70-8E3C-91365EC163AF}.Release|x86.ActiveCfg = Release|Any CPU
		{5FFC5635-5C91-4D70-8E3C-91365EC163AF}.Release|x86.Build.0 = Release|Any CPU
		{DAE33BD1-4760-4190-9E7D-FD670054724D}.Debug|Any CPU.ActiveCfg = Debug|Any CPU
		{DAE33BD1-4760-4190-9E7D-FD670054724D}.Debug|Any CPU.Build.0 = Debug|Any CPU
		{DAE33BD1-4760-4190-9E7D-FD670054724D}.Debug|x64.ActiveCfg = Debug|Any CPU
		{DAE33BD1-4760-4190-9E7D-FD670054724D}.Debug|x64.Build.0 = Debug|Any CPU
		{DAE33BD1-4760-4190-9E7D-FD670054724D}.Debug|x86.ActiveCfg = Debug|Any CPU
		{DAE33BD1-4760-4190-9E7D-FD670054724D}.Debug|x86.Build.0 = Debug|Any CPU
		{DAE33BD1-4760-4190-9E7D-FD670054724D}.Release|Any CPU.ActiveCfg = Release|Any CPU
		{DAE33BD1-4760-4190-9E7D-FD670054724D}.Release|Any CPU.Build.0 = Release|Any CPU
		{DAE33BD1-4760-4190-9E7D-FD670054724D}.Release|x64.ActiveCfg = Release|Any CPU
		{DAE33BD1-4760-4190-9E7D-FD670054724D}.Release|x64.Build.0 = Release|Any CPU
		{DAE33BD1-4760-4190-9E7D-FD670054724D}.Release|x86.ActiveCfg = Release|Any CPU
		{DAE33BD1-4760-4190-9E7D-FD670054724D}.Release|x86.Build.0 = Release|Any CPU
		{0F846B73-2641-4365-A932-E7471864B0DA}.Debug|Any CPU.ActiveCfg = Debug|Any CPU
		{0F846B73-2641-4365-A932-E7471864B0DA}.Debug|Any CPU.Build.0 = Debug|Any CPU
		{0F846B73-2641-4365-A932-E7471864B0DA}.Debug|x64.ActiveCfg = Debug|Any CPU
		{0F846B73-2641-4365-A932-E7471864B0DA}.Debug|x64.Build.0 = Debug|Any CPU
		{0F846B73-2641-4365-A932-E7471864B0DA}.Debug|x86.ActiveCfg = Debug|Any CPU
		{0F846B73-2641-4365-A932-E7471864B0DA}.Debug|x86.Build.0 = Debug|Any CPU
		{0F846B73-2641-4365-A932-E7471864B0DA}.Release|Any CPU.ActiveCfg = Release|Any CPU
		{0F846B73-2641-4365-A932-E7471864B0DA}.Release|Any CPU.Build.0 = Release|Any CPU
		{0F846B73-2641-4365-A932-E7471864B0DA}.Release|x64.ActiveCfg = Release|Any CPU
		{0F846B73-2641-4365-A932-E7471864B0DA}.Release|x64.Build.0 = Release|Any CPU
		{0F846B73-2641-4365-A932-E7471864B0DA}.Release|x86.ActiveCfg = Release|Any CPU
		{0F846B73-2641-4365-A932-E7471864B0DA}.Release|x86.Build.0 = Release|Any CPU
		{D5B65F74-CE98-46C7-9304-5D4C54BB5D6C}.Debug|Any CPU.ActiveCfg = Debug|Any CPU
		{D5B65F74-CE98-46C7-9304-5D4C54BB5D6C}.Debug|Any CPU.Build.0 = Debug|Any CPU
		{D5B65F74-CE98-46C7-9304-5D4C54BB5D6C}.Debug|x64.ActiveCfg = Debug|Any CPU
		{D5B65F74-CE98-46C7-9304-5D4C54BB5D6C}.Debug|x64.Build.0 = Debug|Any CPU
		{D5B65F74-CE98-46C7-9304-5D4C54BB5D6C}.Debug|x86.ActiveCfg = Debug|Any CPU
		{D5B65F74-CE98-46C7-9304-5D4C54BB5D6C}.Debug|x86.Build.0 = Debug|Any CPU
		{D5B65F74-CE98-46C7-9304-5D4C54BB5D6C}.Release|Any CPU.ActiveCfg = Release|Any CPU
		{D5B65F74-CE98-46C7-9304-5D4C54BB5D6C}.Release|Any CPU.Build.0 = Release|Any CPU
		{D5B65F74-CE98-46C7-9304-5D4C54BB5D6C}.Release|x64.ActiveCfg = Release|Any CPU
		{D5B65F74-CE98-46C7-9304-5D4C54BB5D6C}.Release|x64.Build.0 = Release|Any CPU
		{D5B65F74-CE98-46C7-9304-5D4C54BB5D6C}.Release|x86.ActiveCfg = Release|Any CPU
		{D5B65F74-CE98-46C7-9304-5D4C54BB5D6C}.Release|x86.Build.0 = Release|Any CPU
		{10A24214-D0E3-4F9F-9548-E90C560690A1}.Debug|Any CPU.ActiveCfg = Debug|Any CPU
		{10A24214-D0E3-4F9F-9548-E90C560690A1}.Debug|Any CPU.Build.0 = Debug|Any CPU
		{10A24214-D0E3-4F9F-9548-E90C560690A1}.Debug|x64.ActiveCfg = Debug|Any CPU
		{10A24214-D0E3-4F9F-9548-E90C560690A1}.Debug|x64.Build.0 = Debug|Any CPU
		{10A24214-D0E3-4F9F-9548-E90C560690A1}.Debug|x86.ActiveCfg = Debug|Any CPU
		{10A24214-D0E3-4F9F-9548-E90C560690A1}.Debug|x86.Build.0 = Debug|Any CPU
		{10A24214-D0E3-4F9F-9548-E90C560690A1}.Release|Any CPU.ActiveCfg = Release|Any CPU
		{10A24214-D0E3-4F9F-9548-E90C560690A1}.Release|Any CPU.Build.0 = Release|Any CPU
		{10A24214-D0E3-4F9F-9548-E90C560690A1}.Release|x64.ActiveCfg = Release|Any CPU
		{10A24214-D0E3-4F9F-9548-E90C560690A1}.Release|x64.Build.0 = Release|Any CPU
		{10A24214-D0E3-4F9F-9548-E90C560690A1}.Release|x86.ActiveCfg = Release|Any CPU
		{10A24214-D0E3-4F9F-9548-E90C560690A1}.Release|x86.Build.0 = Release|Any CPU
		{D9E53835-07A6-4B79-943B-0210710CF677}.Debug|Any CPU.ActiveCfg = Debug|Any CPU
		{D9E53835-07A6-4B79-943B-0210710CF677}.Debug|Any CPU.Build.0 = Debug|Any CPU
		{D9E53835-07A6-4B79-943B-0210710CF677}.Debug|x64.ActiveCfg = Debug|Any CPU
		{D9E53835-07A6-4B79-943B-0210710CF677}.Debug|x64.Build.0 = Debug|Any CPU
		{D9E53835-07A6-4B79-943B-0210710CF677}.Debug|x86.ActiveCfg = Debug|Any CPU
		{D9E53835-07A6-4B79-943B-0210710CF677}.Debug|x86.Build.0 = Debug|Any CPU
		{D9E53835-07A6-4B79-943B-0210710CF677}.Release|Any CPU.ActiveCfg = Release|Any CPU
		{D9E53835-07A6-4B79-943B-0210710CF677}.Release|Any CPU.Build.0 = Release|Any CPU
		{D9E53835-07A6-4B79-943B-0210710CF677}.Release|x64.ActiveCfg = Release|Any CPU
		{D9E53835-07A6-4B79-943B-0210710CF677}.Release|x64.Build.0 = Release|Any CPU
		{D9E53835-07A6-4B79-943B-0210710CF677}.Release|x86.ActiveCfg = Release|Any CPU
		{D9E53835-07A6-4B79-943B-0210710CF677}.Release|x86.Build.0 = Release|Any CPU
		{6D1F9839-51ED-4231-9924-AD07B5D55D2B}.Debug|Any CPU.ActiveCfg = Debug|Any CPU
		{6D1F9839-51ED-4231-9924-AD07B5D55D2B}.Debug|Any CPU.Build.0 = Debug|Any CPU
		{6D1F9839-51ED-4231-9924-AD07B5D55D2B}.Debug|x64.ActiveCfg = Debug|Any CPU
		{6D1F9839-51ED-4231-9924-AD07B5D55D2B}.Debug|x64.Build.0 = Debug|Any CPU
		{6D1F9839-51ED-4231-9924-AD07B5D55D2B}.Debug|x86.ActiveCfg = Debug|Any CPU
		{6D1F9839-51ED-4231-9924-AD07B5D55D2B}.Debug|x86.Build.0 = Debug|Any CPU
		{6D1F9839-51ED-4231-9924-AD07B5D55D2B}.Release|Any CPU.ActiveCfg = Release|Any CPU
		{6D1F9839-51ED-4231-9924-AD07B5D55D2B}.Release|Any CPU.Build.0 = Release|Any CPU
		{6D1F9839-51ED-4231-9924-AD07B5D55D2B}.Release|x64.ActiveCfg = Release|Any CPU
		{6D1F9839-51ED-4231-9924-AD07B5D55D2B}.Release|x64.Build.0 = Release|Any CPU
		{6D1F9839-51ED-4231-9924-AD07B5D55D2B}.Release|x86.ActiveCfg = Release|Any CPU
		{6D1F9839-51ED-4231-9924-AD07B5D55D2B}.Release|x86.Build.0 = Release|Any CPU
	EndGlobalSection
	GlobalSection(SolutionProperties) = preSolution
		HideSolutionNode = FALSE
	EndGlobalSection
	GlobalSection(ExtensibilityGlobals) = postSolution
		SolutionGuid = {877BBBC7-610D-42EF-8556-1D6F96BB7D96}
	EndGlobalSection
EndGlobal
